<?xml version="1.0" encoding="utf-8"?>
<Project ToolsVersion="4.0" xmlns="http://schemas.microsoft.com/developer/msbuild/2003">
  <ItemGroup>
    <ClCompile Include="Actor\Bulletes\CurveBullet.cpp" />
    <ClCompile Include="Actor\Bulletes\TrakingBullet.cpp" />
    <ClCompile Include="Actor\CharaManager\BaseObject.cpp" />
    <ClCompile Include="Actor\CharaManager\CharactorManager.cpp" />
    <ClCompile Include="Actor\CharaManager\EnemySpawn.cpp" />
    <ClCompile Include="Actor\Player\Player.cpp" />
    <ClCompile Include="Actor\Enemies\BomEnemy.cpp" />
    <ClCompile Include="Actor\Enemies\CircleMoveEnemy.cpp" />
    <ClCompile Include="Actor\Enemies\Enemy.cpp" />
    <ClCompile Include="Actor\Bulletes\Bom.cpp" />
    <ClCompile Include="Actor\Bulletes\BomBallet.cpp" />
    <ClCompile Include="Actor\Bulletes\Bullet.cpp" />
    <ClCompile Include="Actor\Bulletes\ChangeBullet.cpp" />
    <ClCompile Include="Device\CSVReader.cpp" />
    <ClCompile Include="Device\Camera.cpp" />
    <ClCompile Include="Device\Renderer3D.cpp" />
    <ClCompile Include="Actor\CharaManager\MapSpawn.cpp" />
    <ClCompile Include="Actor\CharaManager\EnemyBox.cpp" />
    <ClCompile Include="Scene\Ending.cpp" />
    <ClCompile Include="GameBase\GameManager.cpp" />
    <ClCompile Include="GameBase\GameTime.cpp" />
    <ClCompile Include="Device\Input.cpp" />
    <ClCompile Include="Device\Renderer.cpp" />
    <ClCompile Include="Scene\GamePlay.cpp" />
    <ClCompile Include="Scene\LoadScene.cpp" />
    <ClCompile Include="Scene\SceneManager.cpp" />
    <ClCompile Include="Support\CWindow.cpp" />
    <ClCompile Include="main.cpp" />
    <ClCompile Include="Device\Loader\TextureLoad.cpp" />
    <ClCompile Include="Scene\Title.cpp" />
    <ClCompile Include="Utility\Timer.cpp" />
    <ClCompile Include="Math\Vector2.cpp" />
    <ClCompile Include="Math\Vector3.cpp" />
    <ClCompile Include="Actor\Enemies\ThreeWayEnemy.cpp" />
    <ClCompile Include="Actor\Bulletes\AngleBullet.cpp" />
    <ClCompile Include="Device\Loader\SoundLoad.cpp" />
    <ClCompile Include="Device\Sound.cpp" />
    <ClCompile Include="Actor\Enemies\UFOEnemy.cpp" />
    <ClCompile Include="Actor\Enemies\PlatoonEnemy.cpp" />
    <ClCompile Include="Actor\Enemies\SoldierEnemy.cpp" />
    <ClCompile Include="Actor\Enemies\Boss.cpp" />
    <ClCompile Include="GameBase\Score.cpp" />
    <ClCompile Include="Actor\Enemies\HomingEnemy.cpp" />
    <ClCompile Include="Actor\Bulletes\Shotgun.cpp" />
    <ClCompile Include="Actor\Bulletes\ShotgunBullet.cpp" />
    <ClCompile Include="Actor\Bulletes\LaserBullet.cpp" />
    <ClCompile Include="Actor\Enemies\LaserEnemy.cpp" />
    <ClCompile Include="Utility\Animation.cpp" />
    <ClCompile Include="Scene\TestScene3D.cpp" />
    <ClCompile Include="Actor\Item\Item.cpp" />
  </ItemGroup>
  <ItemGroup>
    <ClCompile Include="main.cpp">
      <Filter>ソース ファイル</Filter>
    </ClCompile>
    <ClCompile Include="Utility\Timer.cpp">
      <Filter>ソース ファイル</Filter>
    </ClCompile>
    <ClCompile Include="Support\CWindow.cpp">
      <Filter>ソース ファイル</Filter>
    </ClCompile>
    <ClCompile Include="Math\Vector2.cpp">
      <Filter>ソース ファイル</Filter>
    </ClCompile>
    <ClCompile Include="Math\Vector3.cpp">
      <Filter>ソース ファイル</Filter>
    </ClCompile>
    <ClCompile Include="GameBase\GameManager.cpp">
      <Filter>ソース ファイル</Filter>
    </ClCompile>
    <ClCompile Include="GameBase\GameTime.cpp">
      <Filter>ソース ファイル</Filter>
    </ClCompile>
    <ClCompile Include="Device\Input.cpp">
      <Filter>ソース ファイル</Filter>
    </ClCompile>
    <ClCompile Include="Device\Renderer.cpp">
      <Filter>ソース ファイル</Filter>
    </ClCompile>
    <ClCompile Include="Device\Loader\TextureLoad.cpp">
      <Filter>ソース ファイル</Filter>
    </ClCompile>
    <ClCompile Include="Scene\Ending.cpp">
      <Filter>ソース ファイル</Filter>
    </ClCompile>
    <ClCompile Include="Scene\GamePlay.cpp">
      <Filter>ソース ファイル</Filter>
    </ClCompile>
    <ClCompile Include="Scene\LoadScene.cpp">
      <Filter>ソース ファイル</Filter>
    </ClCompile>
    <ClCompile Include="Scene\SceneManager.cpp">
      <Filter>ソース ファイル</Filter>
    </ClCompile>
    <ClCompile Include="Scene\Title.cpp">
      <Filter>ソース ファイル</Filter>
    </ClCompile>
    <ClCompile Include="Actor\CharaManager\BaseObject.cpp">
      <Filter>ソース ファイル</Filter>
    </ClCompile>
    <ClCompile Include="Actor\CharaManager\CharactorManager.cpp">
      <Filter>ソース ファイル</Filter>
    </ClCompile>
    <ClCompile Include="Actor\CharaManager\EnemySpawn.cpp">
      <Filter>ソース ファイル</Filter>
    </ClCompile>
    <ClCompile Include="Actor\Player\Player.cpp">
      <Filter>ソース ファイル</Filter>
    </ClCompile>
    <ClCompile Include="Actor\Enemies\BomEnemy.cpp">
      <Filter>ソース ファイル</Filter>
    </ClCompile>
    <ClCompile Include="Actor\Enemies\CircleMoveEnemy.cpp">
      <Filter>ソース ファイル</Filter>
    </ClCompile>
    <ClCompile Include="Actor\Enemies\Enemy.cpp">
      <Filter>ソース ファイル</Filter>
    </ClCompile>
    <ClCompile Include="Actor\Bulletes\Bom.cpp">
      <Filter>ソース ファイル</Filter>
    </ClCompile>
    <ClCompile Include="Actor\Bulletes\BomBallet.cpp">
      <Filter>ソース ファイル</Filter>
    </ClCompile>
    <ClCompile Include="Actor\Bulletes\Bullet.cpp">
      <Filter>ソース ファイル</Filter>
    </ClCompile>
    <ClCompile Include="Actor\Bulletes\ChangeBullet.cpp">
      <Filter>ソース ファイル</Filter>
    </ClCompile>
    <ClCompile Include="Device\Camera.cpp">
      <Filter>ソース ファイル</Filter>
    </ClCompile>
    <ClCompile Include="Device\Renderer3D.cpp">
      <Filter>ソース ファイル</Filter>
    </ClCompile>
  </ItemGroup>
  <ItemGroup>
    <ClInclude Include="Utility\Timer.h" />
    <ClInclude Include="Support\Singleton.h" />
    <ClInclude Include="Support\CWindow.h" />
    <ClInclude Include="Math\Vector2.h" />
    <ClInclude Include="Math\Vector3.h" />
    <ClInclude Include="GameBase\WindowInfo.h" />
    <ClInclude Include="GameBase\GameTime.h" />
    <ClInclude Include="GameBase\GameManager.h" />
    <ClInclude Include="Device\Input.h" />
    <ClInclude Include="Device\Renderer.h" />
    <ClInclude Include="Device\Loader\TextureLoad.h" />
    <ClInclude Include="Scene\BaseScene.h" />
    <ClInclude Include="Scene\Ending.h" />
    <ClInclude Include="Scene\GamePlay.h" />
    <ClInclude Include="Scene\LoadScene.h" />
    <ClInclude Include="Scene\SceneManager.h" />
    <ClInclude Include="Scene\Title.h" />
    <ClInclude Include="Actor\CharaManager\EnemySpawn.h" />
    <ClInclude Include="Actor\Bulletes\CurveBullet.h" />
    <ClInclude Include="Actor\Bulletes\TrakingBullet.h" />
    <ClInclude Include="Actor\CharaManager\BaseObject.h" />
    <ClInclude Include="Actor\CharaManager\CharactorManager.h" />
    <ClInclude Include="Actor\CharaManager\EnemySpawn.h" />
    <ClInclude Include="Actor\Player\Player.h" />
    <ClInclude Include="Actor\Enemies\BomEnemy.h" />
    <ClInclude Include="Actor\Enemies\CircleMoveEnemy.h" />
    <ClInclude Include="Actor\Enemies\Enemy.h" />
    <ClInclude Include="Actor\Bulletes\Bom.h" />
    <ClInclude Include="Actor\Bulletes\BomBallet.h" />
    <ClInclude Include="Actor\Bulletes\Bullet.h" />
    <ClInclude Include="Actor\Bulletes\ChangeBullet.h" />
    <ClInclude Include="Device\CSVReader.h" />
    <ClInclude Include="Device\Camera.h" />
    <ClInclude Include="Device\Renderer3D.h" />
    <ClInclude Include="Actor\Enemies\Boss.h" />
    <ClInclude Include="Actor\CharaManager\MapSpawn.h" />
    <ClInclude Include="Actor\CharaManager\EnemyBox.h" />
    <ClInclude Include="Scene\Ending.h" />
    <ClInclude Include="Scene\GamePlay.h" />
    <ClInclude Include="Scene\LoadScene.h" />
    <ClInclude Include="Scene\SceneManager.h" />
    <ClInclude Include="Scene\BaseScene.h" />
    <ClInclude Include="GameBase\WindowInfo.h" />
    <ClInclude Include="GameBase\GameManager.h" />
    <ClInclude Include="GameBase\GameTime.h" />
    <ClInclude Include="Device\Input.h" />
    <ClInclude Include="Device\Renderer.h" />
    <ClInclude Include="Support\CWindow.h" />
    <ClInclude Include="Support\Singleton.h" />
    <ClInclude Include="Device\Loader\TextureLoad.h" />
    <ClInclude Include="Scene\Title.h" />
    <ClInclude Include="Utility\Timer.h" />
    <ClInclude Include="Math\Vector2.h" />
    <ClInclude Include="Math\Vector3.h" />
    <ClInclude Include="Actor\Enemies\ThreeWayEnemy.h" />
    <ClInclude Include="Actor\Bulletes\AngleBullet.h" />
    <ClInclude Include="Device\Loader\SoundLoad.h" />
    <ClInclude Include="Device\Sound.h" />
    <ClInclude Include="Actor\Enemies\UFOEnemy.h" />
    <ClInclude Include="Actor\Enemies\PlatoonEnemy.h" />
    <ClInclude Include="Actor\Enemies\Array.h" />
    <ClInclude Include="Actor\Enemies\SoldierEnemy.h" />
    <ClInclude Include="GameBase\Score.h" />
    <ClInclude Include="Actor\Enemies\HomingEnemy.h" />
    <ClInclude Include="Actor\Bulletes\Shotgun.h" />
    <ClInclude Include="Actor\Bulletes\ShotgunBullet.h" />
    <ClInclude Include="Actor\Bulletes\LaserBullet.h" />
    <ClInclude Include="Actor\Enemies\LaserEnemy.h" />
    <ClInclude Include="Utility\Animation.h" />
    <ClInclude Include="Scene\TestScene3D.h" />
    <ClInclude Include="Actor\Item\Item.h" />
  </ItemGroup>
  <ItemGroup>
    <None Include="Resouce\Map\test01.csv" />
  </ItemGroup>
</Project>