
Microsoft Visual Studio Solution File, Format Version 12.00
# Visual Studio 15
VisualStudioVersion = 15.0.28307.421
MinimumVisualStudioVersion = 10.0.40219.1
Project("{8BC9CEB8-8B4A-11D0-8D11-00A0C91BC942}") = "Team16", "Team16.vcxproj", "{9A0BBBDB-E826-44A1-B229-F47E9F68DB7F}"
EndProject
Global
	GlobalSection(SolutionConfigurationPlatforms) = preSolution
		Debug|x64 = Debug|x64
		Debug|x86 = Debug|x86
		Release|x64 = Release|x64
		Release|x86 = Release|x86
	EndGlobalSection
	GlobalSection(ProjectConfigurationPlatforms) = postSolution
		{9A0BBBDB-E826-44A1-B229-F47E9F68DB7F}.Debug|x64.ActiveCfg = Debug|x64
		{9A0BBBDB-E826-44A1-B229-F47E9F68DB7F}.Debug|x64.Build.0 = Debug|x64
		{9A0BBBDB-E826-44A1-B229-F47E9F68DB7F}.Debug|x86.ActiveCfg = Debug|Win32
		{9A0BBBDB-E826-44A1-B229-F47E9F68DB7F}.Debug|x86.Build.0 = Debug|Win32
		{9A0BBBDB-E826-44A1-B229-F47E9F68DB7F}.Release|x64.ActiveCfg = Release|x64
		{9A0BBBDB-E826-44A1-B229-F47E9F68DB7F}.Release|x64.Build.0 = Release|x64
		{9A0BBBDB-E826-44A1-B229-F47E9F68DB7F}.Release|x86.ActiveCfg = Release|Win32
		{9A0BBBDB-E826-44A1-B229-F47E9F68DB7F}.Release|x86.Build.0 = Release|Win32
	EndGlobalSection
	GlobalSection(SolutionProperties) = preSolution
		HideSolutionNode = FALSE
	EndGlobalSection
	GlobalSection(ExtensibilityGlobals) = postSolution
		SolutionGuid = {F23D2CC2-3B6A-4F64-9CE9-3C0C304577C9}
	EndGlobalSection
EndGlobal
